// !$*UTF8*$!
{
	archiveVersion = 1;
	classes = {
	};
	objectVersion = 55;
	objects = {

/* Begin PBXBuildFile section */
		1EE2D56C283159810055371C /* main.cpp in Sources */ = {isa = PBXBuildFile; fileRef = 1EE2D552283147E70055371C /* main.cpp */; };
		1EE2D56D283159830055371C /* AccountPr.cpp in Sources */ = {isa = PBXBuildFile; fileRef = 1EE2D55F283149B80055371C /* AccountPr.cpp */; };
		1EE2D56E283159860055371C /* Account.cpp in Sources */ = {isa = PBXBuildFile; fileRef = 1EE2D55C283149A80055371C /* Account.cpp */; };
		1EE2D56F283159890055371C /* Money.cpp in Sources */ = {isa = PBXBuildFile; fileRef = 1EE2D559283149950055371C /* Money.cpp */; };
/* End PBXBuildFile section */

/* Begin PBXCopyFilesBuildPhase section */
		1EE2D54D283147E70055371C /* CopyFiles */ = {
			isa = PBXCopyFilesBuildPhase;
			buildActionMask = 2147483647;
			dstPath = /usr/share/man/man1/;
			dstSubfolderSpec = 0;
			files = (
			);
			runOnlyForDeploymentPostprocessing = 1;
		};
/* End PBXCopyFilesBuildPhase section */

/* Begin PBXFileReference section */
		1EE2D54F283147E70055371C /* lab5_1Hoop */ = {isa = PBXFileReference; explicitFileType = "compiled.mach-o.executable"; includeInIndex = 0; path = lab5_1Hoop; sourceTree = BUILT_PRODUCTS_DIR; };
		1EE2D552283147E70055371C /* main.cpp */ = {isa = PBXFileReference; lastKnownFileType = sourcecode.cpp.cpp; path = main.cpp; sourceTree = "<group>"; };
		1EE2D559283149950055371C /* Money.cpp */ = {isa = PBXFileReference; lastKnownFileType = sourcecode.cpp.cpp; path = Money.cpp; sourceTree = "<group>"; };
		1EE2D55A283149950055371C /* Money.hpp */ = {isa = PBXFileReference; lastKnownFileType = sourcecode.cpp.h; path = Money.hpp; sourceTree = "<group>"; };
		1EE2D55C283149A80055371C /* Account.cpp */ = {isa = PBXFileReference; lastKnownFileType = sourcecode.cpp.cpp; path = Account.cpp; sourceTree = "<group>"; };
		1EE2D55D283149A80055371C /* Account.hpp */ = {isa = PBXFileReference; lastKnownFileType = sourcecode.cpp.h; path = Account.hpp; sourceTree = "<group>"; };
		1EE2D55F283149B80055371C /* AccountPr.cpp */ = {isa = PBXFileReference; lastKnownFileType = sourcecode.cpp.cpp; path = AccountPr.cpp; sourceTree = "<group>"; };
		1EE2D560283149B80055371C /* AccountPr.hpp */ = {isa = PBXFileReference; lastKnownFileType = sourcecode.cpp.h; path = AccountPr.hpp; sourceTree = "<group>"; };
		1EE2D563283149CD0055371C /* Exc.hpp */ = {isa = PBXFileReference; lastKnownFileType = sourcecode.cpp.h; path = Exc.hpp; sourceTree = "<group>"; };
		1EE2D566283149DE0055371C /* ExcInh.hpp */ = {isa = PBXFileReference; lastKnownFileType = sourcecode.cpp.h; path = ExcInh.hpp; sourceTree = "<group>"; };
		1EE2D568283149F40055371C /* catch.cpp */ = {isa = PBXFileReference; lastKnownFileType = sourcecode.cpp.cpp; path = catch.cpp; sourceTree = "<group>"; };
		1EE2D569283149F40055371C /* catch.hpp */ = {isa = PBXFileReference; lastKnownFileType = sourcecode.cpp.h; path = catch.hpp; sourceTree = "<group>"; };
/* End PBXFileReference section */

/* Begin PBXFrameworksBuildPhase section */
		1EE2D54C283147E70055371C /* Frameworks */ = {
			isa = PBXFrameworksBuildPhase;
			buildActionMask = 2147483647;
			files = (
			);
			runOnlyForDeploymentPostprocessing = 0;
		};
/* End PBXFrameworksBuildPhase section */

/* Begin PBXGroup section */
		1EE2D546283147E70055371C = {
			isa = PBXGroup;
			children = (
				1EE2D551283147E70055371C /* lab5_1Hoop */,
				1EE2D550283147E70055371C /* Products */,
			);
			sourceTree = "<group>";
		};
		1EE2D550283147E70055371C /* Products */ = {
			isa = PBXGroup;
			children = (
				1EE2D54F283147E70055371C /* lab5_1Hoop */,
			);
			name = Products;
			sourceTree = "<group>";
		};
		1EE2D551283147E70055371C /* lab5_1Hoop */ = {
			isa = PBXGroup;
			children = (
				1EE2D552283147E70055371C /* main.cpp */,
				1EE2D559283149950055371C /* Money.cpp */,
				1EE2D55A283149950055371C /* Money.hpp */,
				1EE2D55C283149A80055371C /* Account.cpp */,
				1EE2D55D283149A80055371C /* Account.hpp */,
				1EE2D55F283149B80055371C /* AccountPr.cpp */,
				1EE2D560283149B80055371C /* AccountPr.hpp */,
				1EE2D563283149CD0055371C /* Exc.hpp */,
				1EE2D566283149DE0055371C /* ExcInh.hpp */,
				1EE2D568283149F40055371C /* catch.cpp */,
				1EE2D569283149F40055371C /* catch.hpp */,
			);
			path = lab5_1Hoop;
			sourceTree = "<group>";
		};
/* End PBXGroup section */

/* Begin PBXNativeTarget section */
		1EE2D54E283147E70055371C /* lab5_1Hoop */ = {
			isa = PBXNativeTarget;
			buildConfigurationList = 1EE2D556283147E70055371C /* Build configuration list for PBXNativeTarget "lab5_1Hoop" */;
			buildPhases = (
				1EE2D54B283147E70055371C /* Sources */,
				1EE2D54C283147E70055371C /* Frameworks */,
				1EE2D54D283147E70055371C /* CopyFiles */,
			);
			buildRules = (
			);
			dependencies = (
			);
			name = lab5_1Hoop;
			productName = lab5_1Hoop;
			productReference = 1EE2D54F283147E70055371C /* lab5_1Hoop */;
			productType = "com.apple.product-type.tool";
		};
/* End PBXNativeTarget section */

/* Begin PBXProject section */
		1EE2D547283147E70055371C /* Project object */ = {
			isa = PBXProject;
			attributes = {
				BuildIndependentTargetsInParallel = 1;
				LastUpgradeCheck = 1320;
				TargetAttributes = {
					1EE2D54E283147E70055371C = {
						CreatedOnToolsVersion = 13.2.1;
					};
				};
			};
			buildConfigurationList = 1EE2D54A283147E70055371C /* Build configuration list for PBXProject "lab5_1Hoop" */;
			compatibilityVersion = "Xcode 13.0";
			developmentRegion = en;
			hasScannedForEncodings = 0;
			knownRegions = (
				en,
				Base,
			);
			mainGroup = 1EE2D546283147E70055371C;
			productRefGroup = 1EE2D550283147E70055371C /* Products */;
			projectDirPath = "";
			projectRoot = "";
			targets = (
				1EE2D54E283147E70055371C /* lab5_1Hoop */,
			);
		};
/* End PBXProject section */

/* Begin PBXSourcesBuildPhase section */
		1EE2D54B283147E70055371C /* Sources */ = {
			isa = PBXSourcesBuildPhase;
			buildActionMask = 2147483647;
			files = (
				1EE2D56C283159810055371C /* main.cpp in Sources */,
				1EE2D56E283159860055371C /* Account.cpp in Sources */,
				1EE2D56F283159890055371C /* Money.cpp in Sources */,
				1EE2D56D283159830055371C /* AccountPr.cpp in Sources */,
			);
			runOnlyForDeploymentPostprocessing = 0;
		};
/* End PBXSourcesBuildPhase section */

/* Begin XCBuildConfiguration section */
		1EE2D554283147E70055371C /* Debug */ = {
			isa = XCBuildConfiguration;
			buildSettings = {
				ALWAYS_SEARCH_USER_PATHS = NO;
				CLANG_ANALYZER_NONNULL = YES;
				CLANG_ANALYZER_NUMBER_OBJECT_CONVERSION = YES_AGGRESSIVE;
				CLANG_CXX_LANGUAGE_STANDARD = "c++14";
				CLANG_CXX_LIBRARY = "libc++";
				CLANG_ENABLE_MODULES = YES;
				CLANG_ENABLE_OBJC_ARC = YES;
				CLANG_ENABLE_OBJC_WEAK = YES;
				CLANG_WARN_BLOCK_CAPTURE_AUTORELEASING = YES;
				CLANG_WARN_BOOL_CONVERSION = YES;
				CLANG_WARN_COMMA = YES;
				CLANG_WARN_CONSTANT_CONVERSION = YES;
				CLANG_WARN_DEPRECATED_OBJC_IMPLEMENTATIONS = YES;
				CLANG_WARN_DIRECT_OBJC_ISA_USAGE = YES_ERROR;
				CLANG_WARN_DOCUMENTATION_COMMENTS = YES;
				CLANG_WARN_EMPTY_BODY = YES;
				CLANG_WARN_ENUM_CONVERSION = YES;
				CLANG_WARN_INFINITE_RECURSION = YES;
				CLANG_WARN_INT_CONVERSION = YES;
				CLANG_WARN_NON_LITERAL_NULL_CONVERSION = YES;
				CLANG_WARN_OBJC_IMPLICIT_RETAIN_SELF = YES;
				CLANG_WARN_OBJC_LITERAL_CONVERSION = YES;
				CLANG_WARN_OBJC_ROOT_CLASS = YES_ERROR;
				CLANG_WARN_QUOTED_INCLUDE_IN_FRAMEWORK_HEADER = YES;
				CLANG_WARN_RANGE_LOOP_ANALYSIS = YES;
				CLANG_WARN_STRICT_PROTOTYPES = YES;
				CLANG_WARN_SUSPICIOUS_MOVE = YES;
				CLANG_WARN_UNGUARDED_AVAILABILITY = YES_AGGRESSIVE;
				CLANG_WARN_UNREACHABLE_CODE = YES;
				CLANG_WARN__DUPLICATE_METHOD_MATCH = YES;
				COPY_PHASE_STRIP = NO;
				DEBUG_INFORMATION_FORMAT = dwarf;
				ENABLE_STRICT_OBJC_MSGSEND = YES;
				ENABLE_TESTABILITY = YES;
				GCC_C_LANGUAGE_STANDARD = gnu11;
				GCC_DYNAMIC_NO_PIC = NO;
				GCC_NO_COMMON_BLOCKS = YES;
				GCC_OPTIMIZATION_LEVEL = 0;
				GCC_PREPROCESSOR_DEFINITIONS = (
					"DEBUG=1",
					"$(inherited)",
				);
				GCC_WARN_64_TO_32_BIT_CONVERSION = YES;
				GCC_WARN_ABOUT_RETURN_TYPE = YES_ERROR;
				GCC_WARN_UNDECLARED_SELECTOR = YES;
				GCC_WARN_UNINITIALIZED_AUTOS = YES_AGGRESSIVE;
				GCC_WARN_UNUSED_FUNCTION = YES;
				GCC_WARN_UNUSED_VARIABLE = YES;
				MACOSX_DEPLOYMENT_TARGET = 12.1;
				MTL_ENABLE_DEBUG_INFO = INCLUDE_SOURCE;
				MTL_FAST_MATH = YES;
				ONLY_ACTIVE_ARCH = YES;
				SDKROOT = macosx;
			};
			name = Debug;
		};
		1EE2D555283147E70055371C /* Release */ = {
			isa = XCBuildConfiguration;
			buildSettings = {
				ALWAYS_SEARCH_USER_PATHS = NO;
				CLANG_ANALYZER_NONNULL = YES;
				CLANG_ANALYZER_NUMBER_OBJECT_CONVERSION = YES_AGGRESSIVE;
				CLANG_CXX_LANGUAGE_STANDARD = "c++14";
				CLANG_CXX_LIBRARY = "libc++";
				CLANG_ENABLE_MODULES = YES;
				CLANG_ENABLE_OBJC_ARC = YES;
				CLANG_ENABLE_OBJC_WEAK = YES;
				CLANG_WARN_BLOCK_CAPTURE_AUTORELEASING = YES;
				CLANG_WARN_BOOL_CONVERSION = YES;
				CLANG_WARN_COMMA = YES;
				CLANG_WARN_CONSTANT_CONVERSION = YES;
				CLANG_WARN_DEPRECATED_OBJC_IMPLEMENTATIONS = YES;
				CLANG_WARN_DIRECT_OBJC_ISA_USAGE = YES_ERROR;
				CLANG_WARN_DOCUMENTATION_COMMENTS = YES;
				CLANG_WARN_EMPTY_BODY = YES;
				CLANG_WARN_ENUM_CONVERSION = YES;
				CLANG_WARN_INFINITE_RECURSION = YES;
				CLANG_WARN_INT_CONVERSION = YES;
				CLANG_WARN_NON_LITERAL_NULL_CONVERSION = YES;
				CLANG_WARN_OBJC_IMPLICIT_RETAIN_SELF = YES;
				CLANG_WARN_OBJC_LITERAL_CONVERSION = YES;
				CLANG_WARN_OBJC_ROOT_CLASS = YES_ERROR;
				CLANG_WARN_QUOTED_INCLUDE_IN_FRAMEWORK_HEADER = YES;
				CLANG_WARN_RANGE_LOOP_ANALYSIS = YES;
				CLANG_WARN_STRICT_PROTOTYPES = YES;
				CLANG_WARN_SUSPICIOUS_MOVE = YES;
				CLANG_WARN_UNGUARDED_AVAILABILITY = YES_AGGRESSIVE;
				CLANG_WARN_UNREACHABLE_CODE = YES;
				CLANG_WARN__DUPLICATE_METHOD_MATCH = YES;
				COPY_PHASE_STRIP = NO;
				DEBUG_INFORMATION_FORMAT = "dwarf-with-dsym";
				ENABLE_NS_ASSERTIONS = NO;
				ENABLE_STRICT_OBJC_MSGSEND = YES;
				GCC_C_LANGUAGE_STANDARD = gnu11;
				GCC_NO_COMMON_BLOCKS = YES;
				GCC_WARN_64_TO_32_BIT_CONVERSION = YES;
				GCC_WARN_ABOUT_RETURN_TYPE = YES_ERROR;
				GCC_WARN_UNDECLARED_SELECTOR = YES;
				GCC_WARN_UNINITIALIZED_AUTOS = YES_AGGRESSIVE;
				GCC_WARN_UNUSED_FUNCTION = YES;
				GCC_WARN_UNUSED_VARIABLE = YES;
				MACOSX_DEPLOYMENT_TARGET = 12.1;
				MTL_ENABLE_DEBUG_INFO = NO;
				MTL_FAST_MATH = YES;
				SDKROOT = macosx;
			};
			name = Release;
		};
		1EE2D557283147E70055371C /* Debug */ = {
			isa = XCBuildConfiguration;
			buildSettings = {
				CODE_SIGN_STYLE = Automatic;
				PRODUCT_NAME = "$(TARGET_NAME)";
			};
			name = Debug;
		};
		1EE2D558283147E70055371C /* Release */ = {
			isa = XCBuildConfiguration;
			buildSettings = {
				CODE_SIGN_STYLE = Automatic;
				PRODUCT_NAME = "$(TARGET_NAME)";
			};
			name = Release;
		};
/* End XCBuildConfiguration section */

/* Begin XCConfigurationList section */
		1EE2D54A283147E70055371C /* Build configuration list for PBXProject "lab5_1Hoop" */ = {
			isa = XCConfigurationList;
			buildConfigurations = (
				1EE2D554283147E70055371C /* Debug */,
				1EE2D555283147E70055371C /* Release */,
			);
			defaultConfigurationIsVisible = 0;
			defaultConfigurationName = Release;
		};
		1EE2D556283147E70055371C /* Build configuration list for PBXNativeTarget "lab5_1Hoop" */ = {
			isa = XCConfigurationList;
			buildConfigurations = (
				1EE2D557283147E70055371C /* Debug */,
				1EE2D558283147E70055371C /* Release */,
			);
			defaultConfigurationIsVisible = 0;
			defaultConfigurationName = Release;
		};
/* End XCConfigurationList section */
	};
	rootObject = 1EE2D547283147E70055371C /* Project object */;
}
